lockfileVersion: '9.0'

settings:
  autoInstallPeers: true
  excludeLinksFromLockfile: false

importers:

  .:
    devDependencies:
      '@playwright/test':
        specifier: ^1.49.0
        version: 1.61.1
      '@supabase/supabase-js':
        specifier: ^2.108.1
        version: 2.110.5
      '@types/node':
        specifier: ^22.10.0
        version: 22.20.1
      typescript:
        specifier: ^5.7.3
        version: 5.9.3

packages:

  '@playwright/test@1.61.1':
    resolution: {integrity: sha512-8nKv6+0RJSL9FE4jYOEGXnPeM/Hg12qZpmqzZjRh3qM0Y7c3z1mrOTfFLids72RDQYVh9WpLEfR5WdpNX4fkig==}
    engines: {node: '>=18'}
    hasBin: true

  '@supabase/auth-js@2.110.5':
    resolution: {integrity: sha512-QSlI5CNeEefHP95/GbeMhNgr8aHEHiXFh8c1IWthYyI9ZzBwEigYzJFCw4Ff+GkL8OK9tArBmGGv6rpg5zLXSw==}
    engines: {node: '>=22.0.0'}

  '@supabase/functions-js@2.110.5':
    resolution: {integrity: sha512-nuQuoIoEGT8ukrwr6THlY5v50bSMJ2rqti1FFsGyDaC98POLmcFQVFFh23PVPhRsKWUxrFc0MpmEoHKa7CY4mg==}
    engines: {node: '>=22.0.0'}

  '@supabase/phoenix@0.4.4':
    resolution: {integrity: sha512-Gt0pqoXuIqX/8dvG0OKp/wMCobXNH3klNbUPBNyOfN0YA1IswrM3HyWFMOPk1Jy+BRaIyDPcFx4jLBwHNmlyfQ==}

  '@supabase/postgrest-js@2.110.5':
    resolution: {integrity: sha512-eObfgBjxLPzFakwMpUmsv8nuNPOhoDhzzN8cwvEvGkxkmuRIZcOCYH9+DRbpKnxh7tgsBZW+KWtaZI2j98b2/g==}
    engines: {node: '>=22.0.0'}

  '@supabase/realtime-js@2.110.5':
    resolution: {integrity: sha512-VtOZxw5jfrc37KgIfFdp9SOFJjtvJ0qU+gT8CPQjL7cqy4DJlaTXacw5aBBogLZksqAI0YN67qhlDaMKFwfOuw==}
    engines: {node: '>=22.0.0'}

  '@supabase/storage-js@2.110.5':
    resolution: {integrity: sha512-7GkOZlrYknVGVPyijoDbu5OXGvQ2oQ6dkU0juAkIMPZ9QgtmJ8IPrxe76zGSbmzbaC1GdKw7pqeXEi2HT67sbA==}
    engines: {node: '>=22.0.0'}

  '@supabase/supabase-js@2.110.5':
    resolution: {integrity: sha512-cAO1Nm+CCogRNVXN93bBkh0vjOdLM5e6J9gB/cHV9Lqni/gEmN2HJFrnn4NI33GYIfmlh4Wbm6siH+XXRgpexA==}
    engines: {node: '>=22.0.0'}

  '@types/node@22.20.1':
    resolution: {integrity: sha512-EANqOCF9QFyra+4pfxUcX9STKJpCLjMbObVzljIJomAWSnuSIEAvyzEU53GaajbXJEgdh0iEcPL+DGvpUd4k1Q==}

  fsevents@2.3.2:
    resolution: {integrity: sha512-xiqMQR4xAeHTuB9uWm+fFRcIOgKBMiOBP+eXiyT7jsgVCq1bkVygt00oASowB7EdtpOHaaPgKt812P9ab+DDKA==}
    engines: {node: ^8.16.0 || ^10.6.0 || >=11.0.0}
    os: [darwin]

  iceberg-js@0.8.1:
    resolution: {integrity: sha512-1dhVQZXhcHje7798IVM+xoo/1ZdVfzOMIc8/rgVSijRK38EDqOJoGula9N/8ZI5RD8QTxNQtK/Gozpr+qUqRRA==}
    engines: {node: '>=20.0.0'}

  playwright-core@1.61.1:
    resolution: {integrity: sha512-h7Qlt6m4REp25qvIdvbDtVmD4LqVXfpRxhORv9L0jzETM05p4fuPJ3dKyuSXQxDSbXnmS79HAgi9589lGSpLkg==}
    engines: {node: '>=18'}
    hasBin: true

  playwright@1.61.1:
    resolution: {integrity: sha512-DWnY5o3YbLWK4GovuAVwpqL+1VwGNdUGrRr++8j8PtQQzvAVZUIMjKQ90fY689sEJZJBbZVw1rXaOKSTitkzPQ==}
    engines: {node: '>=18'}
    hasBin: true

  tslib@2.8.1:
    resolution: {integrity: sha512-oJFu94HQb+KVduSUQL7wnpmqnfmLsOA/nAh6b6EH0wCEoK0/mPeXU6c3wKDV83MkOuHPRHtSXKKU99IBazS/2w==}

  typescript@5.9.3:
    resolution: {integrity: sha512-jl1vZzPDinLr9eUt3J/t7V6FgNEw9QjvBPdysz9KfQDD41fQrC2Y4vKQdiaUpFT4bXlb1RHhLpp8wtm6M5TgSw==}
    engines: {node: '>=14.17'}
    hasBin: true

  undici-types@6.21.0:
    resolution: {integrity: sha512-iwDZqg0QAGrg9Rav5H4n0M64c3mkR59cJ6wQp+7C4nI0gsmExaedaYLNO44eT4AtBBwjbTiGPMlt2Md0T9H9JQ==}

snapshots:

  '@playwright/test@1.61.1':
    dependencies:
      playwright: 1.61.1

  '@supabase/auth-js@2.110.5':
    dependencies:
      tslib: 2.8.1

  '@supabase/functions-js@2.110.5':
    dependencies:
      tslib: 2.8.1

  '@supabase/phoenix@0.4.4': {}

  '@supabase/postgrest-js@2.110.5':
    dependencies:
      tslib: 2.8.1

  '@supabase/realtime-js@2.110.5':
    dependencies:
      '@supabase/phoenix': 0.4.4
      tslib: 2.8.1

  '@supabase/storage-js@2.110.5':
    dependencies:
      iceberg-js: 0.8.1
      tslib: 2.8.1

  '@supabase/supabase-js@2.110.5':
    dependencies:
      '@supabase/auth-js': 2.110.5
      '@supabase/functions-js': 2.110.5
      '@supabase/postgrest-js': 2.110.5
      '@supabase/realtime-js': 2.110.5
      '@supabase/storage-js': 2.110.5

  '@types/node@22.20.1':
    dependencies:
      undici-types: 6.21.0

  fsevents@2.3.2:
    optional: true

  iceberg-js@0.8.1: {}

  playwright-core@1.61.1: {}

  playwright@1.61.1:
    dependencies:
      playwright-core: 1.61.1
    optionalDependencies:
      fsevents: 2.3.2

  tslib@2.8.1: {}

  typescript@5.9.3: {}

  undici-types@6.21.0: {}
